// !$*UTF8*$!
{
	archiveVersion = 1;
	classes = {
	};
	objectVersion = 50;
	objects = {

/* Begin PBXBuildFile section */
		7B138D29645D67BE87FC05E9 /* Pods_KPDCExample.framework in Frameworks */ = {isa = PBXBuildFile; fileRef = 78E742BE23299D40C282625B /* Pods_KPDCExample.framework */; };
		946F908522B7D466007EC3EA /* AppDelegate.swift in Sources */ = {isa = PBXBuildFile; fileRef = 946F908422B7D466007EC3EA /* AppDelegate.swift */; };
		946F908722B7D466007EC3EA /* ViewController.swift in Sources */ = {isa = PBXBuildFile; fileRef = 946F908622B7D466007EC3EA /* ViewController.swift */; };
		946F908A22B7D466007EC3EA /* Main.storyboard in Resources */ = {isa = PBXBuildFile; fileRef = 946F908822B7D466007EC3EA /* Main.storyboard */; };
		946F908C22B7D467007EC3EA /* Assets.xcassets in Resources */ = {isa = PBXBuildFile; fileRef = 946F908B22B7D467007EC3EA /* Assets.xcassets */; };
		946F908F22B7D467007EC3EA /* LaunchScreen.storyboard in Resources */ = {isa = PBXBuildFile; fileRef = 946F908D22B7D467007EC3EA /* LaunchScreen.storyboard */; };
		946F909722B7D503007EC3EA /* Mistakable.swift in Sources */ = {isa = PBXBuildFile; fileRef = 946F909622B7D503007EC3EA /* Mistakable.swift */; };
/* End PBXBuildFile section */

/* Begin PBXFileReference section */
		78E742BE23299D40C282625B /* Pods_KPDCExample.framework */ = {isa = PBXFileReference; explicitFileType = wrapper.framework; includeInIndex = 0; path = Pods_KPDCExample.framework; sourceTree = BUILT_PRODUCTS_DIR; };
		946F908122B7D466007EC3EA /* KPDCExample.app */ = {isa = PBXFileReference; explicitFileType = wrapper.application; includeInIndex = 0; path = KPDCExample.app; sourceTree = BUILT_PRODUCTS_DIR; };
		946F908422B7D466007EC3EA /* AppDelegate.swift */ = {isa = PBXFileReference; lastKnownFileType = sourcecode.swift; path = AppDelegate.swift; sourceTree = "<group>"; };
		946F908622B7D466007EC3EA /* ViewController.swift */ = {isa = PBXFileReference; lastKnownFileType = sourcecode.swift; path = ViewController.swift; sourceTree = "<group>"; };
		946F908922B7D466007EC3EA /* Base */ = {isa = PBXFileReference; lastKnownFileType = file.storyboard; name = Base; path = Base.lproj/Main.storyboard; sourceTree = "<group>"; };
		946F908B22B7D467007EC3EA /* Assets.xcassets */ = {isa = PBXFileReference; lastKnownFileType = folder.assetcatalog; path = Assets.xcassets; sourceTree = "<group>"; };
		946F908E22B7D467007EC3EA /* Base */ = {isa = PBXFileReference; lastKnownFileType = file.storyboard; name = Base; path = Base.lproj/LaunchScreen.storyboard; sourceTree = "<group>"; };
		946F909022B7D467007EC3EA /* Info.plist */ = {isa = PBXFileReference; lastKnownFileType = text.plist.xml; path = Info.plist; sourceTree = "<group>"; };
		946F909622B7D503007EC3EA /* Mistakable.swift */ = {isa = PBXFileReference; lastKnownFileType = sourcecode.swift; path = Mistakable.swift; sourceTree = "<group>"; };
		A62C5E1CA5DD9CB761388580 /* Pods-KPDCExample.release.xcconfig */ = {isa = PBXFileReference; includeInIndex = 1; lastKnownFileType = text.xcconfig; name = "Pods-KPDCExample.release.xcconfig"; path = "Target Support Files/Pods-KPDCExample/Pods-KPDCExample.release.xcconfig"; sourceTree = "<group>"; };
		A8BC161E0C9D75D9A9275E7A /* Pods-KPDCExample.debug.xcconfig */ = {isa = PBXFileReference; includeInIndex = 1; lastKnownFileType = text.xcconfig; name = "Pods-KPDCExample.debug.xcconfig"; path = "Target Support Files/Pods-KPDCExample/Pods-KPDCExample.debug.xcconfig"; sourceTree = "<group>"; };
/* End PBXFileReference section */

/* Begin PBXFrameworksBuildPhase section */
		946F907E22B7D466007EC3EA /* Frameworks */ = {
			isa = PBXFrameworksBuildPhase;
			buildActionMask = 2147483647;
			files = (
				7B138D29645D67BE87FC05E9 /* Pods_KPDCExample.framework in Frameworks */,
			);
			runOnlyForDeploymentPostprocessing = 0;
		};
/* End PBXFrameworksBuildPhase section */

/* Begin PBXGroup section */
		3D2593F0ACF634D0FBDE28C8 /* Pods */ = {
			isa = PBXGroup;
			children = (
				A8BC161E0C9D75D9A9275E7A /* Pods-KPDCExample.debug.xcconfig */,
				A62C5E1CA5DD9CB761388580 /* Pods-KPDCExample.release.xcconfig */,
			);
			name = Pods;
			path = Pods;
			sourceTree = "<group>";
		};
		85C36879ADF2CF73C8D929DE /* Frameworks */ = {
			isa = PBXGroup;
			children = (
				78E742BE23299D40C282625B /* Pods_KPDCExample.framework */,
			);
			name = Frameworks;
			sourceTree = "<group>";
		};
		946F907822B7D466007EC3EA = {
			isa = PBXGroup;
			children = (
				946F908322B7D466007EC3EA /* KPDCExample */,
				946F908222B7D466007EC3EA /* Products */,
				3D2593F0ACF634D0FBDE28C8 /* Pods */,
				85C36879ADF2CF73C8D929DE /* Frameworks */,
			);
			sourceTree = "<group>";
		};
		946F908222B7D466007EC3EA /* Products */ = {
			isa = PBXGroup;
			children = (
				946F908122B7D466007EC3EA /* KPDCExample.app */,
			);
			name = Products;
			sourceTree = "<group>";
		};
		946F908322B7D466007EC3EA /* KPDCExample */ = {
			isa = PBXGroup;
			children = (
				946F908422B7D466007EC3EA /* AppDelegate.swift */,
				946F908622B7D466007EC3EA /* ViewController.swift */,
				946F909622B7D503007EC3EA /* Mistakable.swift */,
				946F908822B7D466007EC3EA /* Main.storyboard */,
				946F908B22B7D467007EC3EA /* Assets.xcassets */,
				946F908D22B7D467007EC3EA /* LaunchScreen.storyboard */,
				946F909022B7D467007EC3EA /* Info.plist */,
			);
			path = KPDCExample;
			sourceTree = "<group>";
		};
/* End PBXGroup section */

/* Begin PBXNativeTarget section */
		946F908022B7D466007EC3EA /* KPDCExample */ = {
			isa = PBXNativeTarget;
			buildConfigurationList = 946F909322B7D467007EC3EA /* Build configuration list for PBXNativeTarget "KPDCExample" */;
			buildPhases = (
				701D57EA013FAEBCB6DCD280 /* [CP] Check Pods Manifest.lock */,
				946F907D22B7D466007EC3EA /* Sources */,
				946F907E22B7D466007EC3EA /* Frameworks */,
				946F907F22B7D466007EC3EA /* Resources */,
				4E4457EEA994066BF224D087 /* [CP] Embed Pods Frameworks */,
			);
			buildRules = (
			);
			dependencies = (
			);
			name = KPDCExample;
			productName = KPDCExample;
			productReference = 946F908122B7D466007EC3EA /* KPDCExample.app */;
			productType = "com.apple.product-type.application";
		};
/* End PBXNativeTarget section */

/* Begin PBXProject section */
		946F907922B7D466007EC3EA /* Project object */ = {
			isa = PBXProject;
			attributes = {
				LastSwiftUpdateCheck = 1020;
				LastUpgradeCheck = 1020;
				ORGANIZATIONNAME = KarunPant;
				TargetAttributes = {
					946F908022B7D466007EC3EA = {
						CreatedOnToolsVersion = 10.2.1;
					};
				};
			};
			buildConfigurationList = 946F907C22B7D466007EC3EA /* Build configuration list for PBXProject "KPDCExample" */;
			compatibilityVersion = "Xcode 9.3";
			developmentRegion = en;
			hasScannedForEncodings = 0;
			knownRegions = (
				en,
				Base,
			);
			mainGroup = 946F907822B7D466007EC3EA;
			productRefGroup = 946F908222B7D466007EC3EA /* Products */;
			projectDirPath = "";
			projectRoot = "";
			targets = (
				946F908022B7D466007EC3EA /* KPDCExample */,
			);
		};
/* End PBXProject section */

/* Begin PBXResourcesBuildPhase section */
		946F907F22B7D466007EC3EA /* Resources */ = {
			isa = PBXResourcesBuildPhase;
			buildActionMask = 2147483647;
			files = (
				946F908F22B7D467007EC3EA /* LaunchScreen.storyboard in Resources */,
				946F908C22B7D467007EC3EA /* Assets.xcassets in Resources */,
				946F908A22B7D466007EC3EA /* Main.storyboard in Resources */,
			);
			runOnlyForDeploymentPostprocessing = 0;
		};
/* End PBXResourcesBuildPhase section */

/* Begin PBXShellScriptBuildPhase section */
		4E4457EEA994066BF224D087 /* [CP] Embed Pods Frameworks */ = {
			isa = PBXShellScriptBuildPhase;
			buildActionMask = 2147483647;
			files = (
			);
			inputFileListPaths = (
				"${PODS_ROOT}/Target Support Files/Pods-KPDCExample/Pods-KPDCExample-frameworks-${CONFIGURATION}-input-files.xcfilelist",
			);
			name = "[CP] Embed Pods Frameworks";
			outputFileListPaths = (
				"${PODS_ROOT}/Target Support Files/Pods-KPDCExample/Pods-KPDCExample-frameworks-${CONFIGURATION}-output-files.xcfilelist",
			);
			runOnlyForDeploymentPostprocessing = 0;
			shellPath = /bin/sh;
			shellScript = "\"${PODS_ROOT}/Target Support Files/Pods-KPDCExample/Pods-KPDCExample-frameworks.sh\"\n";
			showEnvVarsInLog = 0;
		};
		701D57EA013FAEBCB6DCD280 /* [CP] Check Pods Manifest.lock */ = {
			isa = PBXShellScriptBuildPhase;
			buildActionMask = 2147483647;
			files = (
			);
			inputFileListPaths = (
			);
			inputPaths = (
				"${PODS_PODFILE_DIR_PATH}/Podfile.lock",
				"${PODS_ROOT}/Manifest.lock",
			);
			name = "[CP] Check Pods Manifest.lock";
			outputFileListPaths = (
			);
			outputPaths = (
				"$(DERIVED_FILE_DIR)/Pods-KPDCExample-checkManifestLockResult.txt",
			);
			runOnlyForDeploymentPostprocessing = 0;
			shellPath = /bin/sh;
			shellScript = "diff \"${PODS_PODFILE_DIR_PATH}/Podfile.lock\" \"${PODS_ROOT}/Manifest.lock\" > /dev/null\nif [ $? != 0 ] ; then\n    # print error to STDERR\n    echo \"error: The sandbox is not in sync with the Podfile.lock. Run 'pod install' or update your CocoaPods installation.\" >&2\n    exit 1\nfi\n# This output is used by Xcode 'outputs' to avoid re-running this script phase.\necho \"SUCCESS\" > \"${SCRIPT_OUTPUT_FILE_0}\"\n";
			showEnvVarsInLog = 0;
		};
/* End PBXShellScriptBuildPhase section */

/* Begin PBXSourcesBuildPhase section */
		946F907D22B7D466007EC3EA /* Sources */ = {
			isa = PBXSourcesBuildPhase;
			buildActionMask = 2147483647;
			files = (
				946F908722B7D466007EC3EA /* ViewController.swift in Sources */,
				946F909722B7D503007EC3EA /* Mistakable.swift in Sources */,
				946F908522B7D466007EC3EA /* AppDelegate.swift in Sources */,
			);
			runOnlyForDeploymentPostprocessing = 0;
		};
/* End PBXSourcesBuildPhase section */

/* Begin PBXVariantGroup section */
		946F908822B7D466007EC3EA /* Main.storyboard */ = {
			isa = PBXVariantGroup;
			children = (
				946F908922B7D466007EC3EA /* Base */,
			);
			name = Main.storyboard;
			sourceTree = "<group>";
		};
		946F908D22B7D467007EC3EA /* LaunchScreen.storyboard */ = {
			isa = PBXVariantGroup;
			children = (
				946F908E22B7D467007EC3EA /* Base */,
			);
			name = LaunchScreen.storyboard;
			sourceTree = "<group>";
		};
/* End PBXVariantGroup section */

/* Begin XCBuildConfiguration section */
		946F909122B7D467007EC3EA /* Debug */ = {
			isa = XCBuildConfiguration;
			buildSettings = {
				ALWAYS_SEARCH_USER_PATHS = NO;
				CLANG_ANALYZER_NONNULL = YES;
				CLANG_ANALYZER_NUMBER_OBJECT_CONVERSION = YES_AGGRESSIVE;
				CLANG_CXX_LANGUAGE_STANDARD = "gnu++14";
				CLANG_CXX_LIBRARY = "libc++";
				CLANG_ENABLE_MODULES = YES;
				CLANG_ENABLE_OBJC_ARC = YES;
				CLANG_ENABLE_OBJC_WEAK = YES;
				CLANG_WARN_BLOCK_CAPTURE_AUTORELEASING = YES;
				CLANG_WARN_BOOL_CONVERSION = YES;
				CLANG_WARN_COMMA = YES;
				CLANG_WARN_CONSTANT_CONVERSION = YES;
				CLANG_WARN_DEPRECATED_OBJC_IMPLEMENTATIONS = YES;
				CLANG_WARN_DIRECT_OBJC_ISA_USAGE = YES_ERROR;
				CLANG_WARN_DOCUMENTATION_COMMENTS = YES;
				CLANG_WARN_EMPTY_BODY = YES;
				CLANG_WARN_ENUM_CONVERSION = YES;
				CLANG_WARN_INFINITE_RECURSION = YES;
				CLANG_WARN_INT_CONVERSION = YES;
				CLANG_WARN_NON_LITERAL_NULL_CONVERSION = YES;
				CLANG_WARN_OBJC_IMPLICIT_RETAIN_SELF = YES;
				CLANG_WARN_OBJC_LITERAL_CONVERSION = YES;
				CLANG_WARN_OBJC_ROOT_CLASS = YES_ERROR;
				CLANG_WARN_RANGE_LOOP_ANALYSIS = YES;
				CLANG_WARN_STRICT_PROTOTYPES = YES;
				CLANG_WARN_SUSPICIOUS_MOVE = YES;
				CLANG_WARN_UNGUARDED_AVAILABILITY = YES_AGGRESSIVE;
				CLANG_WARN_UNREACHABLE_CODE = YES;
				CLANG_WARN__DUPLICATE_METHOD_MATCH = YES;
				CODE_SIGN_IDENTITY = "iPhone Developer";
				COPY_PHASE_STRIP = NO;
				DEBUG_INFORMATION_FORMAT = dwarf;
				ENABLE_STRICT_OBJC_MSGSEND = YES;
				ENABLE_TESTABILITY = YES;
				GCC_C_LANGUAGE_STANDARD = gnu11;
				GCC_DYNAMIC_NO_PIC = NO;
				GCC_NO_COMMON_BLOCKS = YES;
				GCC_OPTIMIZATION_LEVEL = 0;
				GCC_PREPROCESSOR_DEFINITIONS = (
					"DEBUG=1",
					"$(inherited)",
				);
				GCC_WARN_64_TO_32_BIT_CONVERSION = YES;
				GCC_WARN_ABOUT_RETURN_TYPE = YES_ERROR;
				GCC_WARN_UNDECLARED_SELECTOR = YES;
				GCC_WARN_UNINITIALIZED_AUTOS = YES_AGGRESSIVE;
				GCC_WARN_UNUSED_FUNCTION = YES;
				GCC_WARN_UNUSED_VARIABLE = YES;
				IPHONEOS_DEPLOYMENT_TARGET = 12.2;
				MTL_ENABLE_DEBUG_INFO = INCLUDE_SOURCE;
				MTL_FAST_MATH = YES;
				ONLY_ACTIVE_ARCH = YES;
				SDKROOT = iphoneos;
				SWIFT_ACTIVE_COMPILATION_CONDITIONS = DEBUG;
				SWIFT_OPTIMIZATION_LEVEL = "-Onone";
			};
			name = Debug;
		};
		946F909222B7D467007EC3EA /* Release */ = {
			isa = XCBuildConfiguration;
			buildSettings = {
				ALWAYS_SEARCH_USER_PATHS = NO;
				CLANG_ANALYZER_NONNULL = YES;
				CLANG_ANALYZER_NUMBER_OBJECT_CONVERSION = YES_AGGRESSIVE;
				CLANG_CXX_LANGUAGE_STANDARD = "gnu++14";
				CLANG_CXX_LIBRARY = "libc++";
				CLANG_ENABLE_MODULES = YES;
				CLANG_ENABLE_OBJC_ARC = YES;
				CLANG_ENABLE_OBJC_WEAK = YES;
				CLANG_WARN_BLOCK_CAPTURE_AUTORELEASING = YES;
				CLANG_WARN_BOOL_CONVERSION = YES;
				CLANG_WARN_COMMA = YES;
				CLANG_WARN_CONSTANT_CONVERSION = YES;
				CLANG_WARN_DEPRECATED_OBJC_IMPLEMENTATIONS = YES;
				CLANG_WARN_DIRECT_OBJC_ISA_USAGE = YES_ERROR;
				CLANG_WARN_DOCUMENTATION_COMMENTS = YES;
				CLANG_WARN_EMPTY_BODY = YES;
				CLANG_WARN_ENUM_CONVERSION = YES;
				CLANG_WARN_INFINITE_RECURSION = YES;
				CLANG_WARN_INT_CONVERSION = YES;
				CLANG_WARN_NON_LITERAL_NULL_CONVERSION = YES;
				CLANG_WARN_OBJC_IMPLICIT_RETAIN_SELF = YES;
				CLANG_WARN_OBJC_LITERAL_CONVERSION = YES;
				CLANG_WARN_OBJC_ROOT_CLASS = YES_ERROR;
				CLANG_WARN_RANGE_LOOP_ANALYSIS = YES;
				CLANG_WARN_STRICT_PROTOTYPES = YES;
				CLANG_WARN_SUSPICIOUS_MOVE = YES;
				CLANG_WARN_UNGUARDED_AVAILABILITY = YES_AGGRESSIVE;
				CLANG_WARN_UNREACHABLE_CODE = YES;
				CLANG_WARN__DUPLICATE_METHOD_MATCH = YES;
				CODE_SIGN_IDENTITY = "iPhone Developer";
				COPY_PHASE_STRIP = NO;
				DEBUG_INFORMATION_FORMAT = "dwarf-with-dsym";
				ENABLE_NS_ASSERTIONS = NO;
				ENABLE_STRICT_OBJC_MSGSEND = YES;
				GCC_C_LANGUAGE_STANDARD = gnu11;
				GCC_NO_COMMON_BLOCKS = YES;
				GCC_WARN_64_TO_32_BIT_CONVERSION = YES;
				GCC_WARN_ABOUT_RETURN_TYPE = YES_ERROR;
				GCC_WARN_UNDECLARED_SELECTOR = YES;
				GCC_WARN_UNINITIALIZED_AUTOS = YES_AGGRESSIVE;
				GCC_WARN_UNUSED_FUNCTION = YES;
				GCC_WARN_UNUSED_VARIABLE = YES;
				IPHONEOS_DEPLOYMENT_TARGET = 12.2;
				MTL_ENABLE_DEBUG_INFO = NO;
				MTL_FAST_MATH = YES;
				SDKROOT = iphoneos;
				SWIFT_COMPILATION_MODE = wholemodule;
				SWIFT_OPTIMIZATION_LEVEL = "-O";
				VALIDATE_PRODUCT = YES;
			};
			name = Release;
		};
		946F909422B7D467007EC3EA /* Debug */ = {
			isa = XCBuildConfiguration;
			baseConfigurationReference = A8BC161E0C9D75D9A9275E7A /* Pods-KPDCExample.debug.xcconfig */;
			buildSettings = {
				ASSETCATALOG_COMPILER_APPICON_NAME = AppIcon;
				CODE_SIGN_STYLE = Automatic;
				DEVELOPMENT_TEAM = 34925L3283;
				INFOPLIST_FILE = KPDCExample/Info.plist;
				LD_RUNPATH_SEARCH_PATHS = (
					"$(inherited)",
					"@executable_path/Frameworks",
				);
				PRODUCT_BUNDLE_IDENTIFIER = com.cocoapods.KPDCExample;
				PRODUCT_NAME = "$(TARGET_NAME)";
				SWIFT_VERSION = 5.0;
				TARGETED_DEVICE_FAMILY = "1,2";
			};
			name = Debug;
		};
		946F909522B7D467007EC3EA /* Release */ = {
			isa = XCBuildConfiguration;
			baseConfigurationReference = A62C5E1CA5DD9CB761388580 /* Pods-KPDCExample.release.xcconfig */;
			buildSettings = {
				ASSETCATALOG_COMPILER_APPICON_NAME = AppIcon;
				CODE_SIGN_STYLE = Automatic;
				DEVELOPMENT_TEAM = 34925L3283;
				INFOPLIST_FILE = KPDCExample/Info.plist;
				LD_RUNPATH_SEARCH_PATHS = (
					"$(inherited)",
					"@executable_path/Frameworks",
				);
				PRODUCT_BUNDLE_IDENTIFIER = com.cocoapods.KPDCExample;
				PRODUCT_NAME = "$(TARGET_NAME)";
				SWIFT_VERSION = 5.0;
				TARGETED_DEVICE_FAMILY = "1,2";
			};
			name = Release;
		};
/* End XCBuildConfiguration section */

/* Begin XCConfigurationList section */
		946F907C22B7D466007EC3EA /* Build configuration list for PBXProject "KPDCExample" */ = {
			isa = XCConfigurationList;
			buildConfigurations = (
				946F909122B7D467007EC3EA /* Debug */,
				946F909222B7D467007EC3EA /* Release */,
			);
			defaultConfigurationIsVisible = 0;
			defaultConfigurationName = Release;
		};
		946F909322B7D467007EC3EA /* Build configuration list for PBXNativeTarget "KPDCExample" */ = {
			isa = XCConfigurationList;
			buildConfigurations = (
				946F909422B7D467007EC3EA /* Debug */,
				946F909522B7D467007EC3EA /* Release */,
			);
			defaultConfigurationIsVisible = 0;
			defaultConfigurationName = Release;
		};
/* End XCConfigurationList section */
	};
	rootObject = 946F907922B7D466007EC3EA /* Project object */;
}
