PODS:
  - KPDialogController (1.3.6)

DEPENDENCIES:
  - KPDialogController (from `../../`)

EXTERNAL SOURCES:
  KPDialogController:
    :path: "../../"

SPEC CHECKSUMS:
  KPDialogController: 6ce0343ae4d3391eb8bf2603fd4fce7ac7969c3b

PODFILE CHECKSUM: bbd5ba7f721cb01d417c3ece0817d19e952cb7a4

COCOAPODS: 1.7.2
